
Microsoft Visual Studio Solution File, Format Version 12.00
# Visual Studio Version 16
VisualStudioVersion = 16.0.31624.102
MinimumVisualStudioVersion = 10.0.40219.1
Project("{2150E333-8FDC-42A3-9474-1A3956D46DE8}") = "Bootstrapper", "Bootstrapper", "{2BED36B0-1BF8-4F9F-9764-531770660D40}"
EndProject
Project("{FAE04EC0-301F-11D3-BF4B-00C04F79EFBC}") = "CompositeWPF.Shell", "CompositeWPF.Shell\CompositeWPF.Shell.csproj", "{FC028AA9-97CD-4C04-8D87-D645E37438DC}"
EndProject
Project("{2150E333-8FDC-42A3-9474-1A3956D46DE8}") = "Contracts", "Contracts", "{B9FBC8A5-712D-4B3F-9B6D-312A5C09D93B}"
EndProject
Project("{FAE04EC0-301F-11D3-BF4B-00C04F79EFBC}") = "CompositeWPF.Contracts", "CompositeWPF.Contracts\CompositeWPF.Contracts.csproj", "{6CF6FFF3-54D5-4469-A26E-AF40F1153F85}"
EndProject
Project("{2150E333-8FDC-42A3-9474-1A3956D46DE8}") = "Models", "Models", "{A33025FF-AFDA-4B74-95DB-0D609B0792BB}"
EndProject
Project("{FAE04EC0-301F-11D3-BF4B-00C04F79EFBC}") = "CompositeWPF.Models", "CompositeWPF.Models\CompositeWPF.Models.csproj", "{14051981-EBF9-4433-BBDF-7813E84693C2}"
EndProject
Project("{2150E333-8FDC-42A3-9474-1A3956D46DE8}") = "Services", "Services", "{38BCAF28-6EB4-4EC3-8CDA-4EF24A71F817}"
EndProject
Project("{FAE04EC0-301F-11D3-BF4B-00C04F79EFBC}") = "CompositeWPF.Services", "CompositeWPF.Services\CompositeWPF.Services.csproj", "{E94D3594-CB2A-42AF-BFD4-D494E41E014B}"
EndProject
Project("{2150E333-8FDC-42A3-9474-1A3956D46DE8}") = "Tests", "Tests", "{6E3859F2-0428-4CB0-B131-46B9F631A831}"
EndProject
Project("{2150E333-8FDC-42A3-9474-1A3956D46DE8}") = "Utilities", "Utilities", "{C84DF8DE-96BA-4C83-B8DF-2BEB716CE948}"
EndProject
Project("{FAE04EC0-301F-11D3-BF4B-00C04F79EFBC}") = "CompositeWPF.Utilities", "CompositeWPF.Utilities\CompositeWPF.Utilities.csproj", "{FB3714AF-B9D4-4E59-A103-001BDECE1A1B}"
EndProject
Project("{2150E333-8FDC-42A3-9474-1A3956D46DE8}") = "ViewModels", "ViewModels", "{92827445-1730-43DE-9C48-531C7AF57DCF}"
EndProject
Project("{FAE04EC0-301F-11D3-BF4B-00C04F79EFBC}") = "CompositeWPF.ViewModels", "CompositeWPF.ViewModels\CompositeWPF.ViewModels.csproj", "{015CDB05-4B33-43FD-8463-18DD240C09AC}"
EndProject
Project("{2150E333-8FDC-42A3-9474-1A3956D46DE8}") = "Views", "Views", "{44105A84-89FC-46A1-8949-C9C239AC1FA7}"
EndProject
Project("{FAE04EC0-301F-11D3-BF4B-00C04F79EFBC}") = "CompositeWPF.Views", "CompositeWPF.Views\CompositeWPF.Views.csproj", "{96AB749D-9158-4819-BBDA-F6F117DC5DBA}"
EndProject
Project("{FAE04EC0-301F-11D3-BF4B-00C04F79EFBC}") = "CompositeWPF.Test", "CompositeWPF.ViewModel.Test\CompositeWPF.Test.csproj", "{047DDDEF-08EE-485E-86D0-F9C25D042F88}"
EndProject
Global
	GlobalSection(SolutionConfigurationPlatforms) = preSolution
		Debug|Any CPU = Debug|Any CPU
		Release|Any CPU = Release|Any CPU
	EndGlobalSection
	GlobalSection(ProjectConfigurationPlatforms) = postSolution
		{FC028AA9-97CD-4C04-8D87-D645E37438DC}.Debug|Any CPU.ActiveCfg = Debug|Any CPU
		{FC028AA9-97CD-4C04-8D87-D645E37438DC}.Debug|Any CPU.Build.0 = Debug|Any CPU
		{FC028AA9-97CD-4C04-8D87-D645E37438DC}.Release|Any CPU.ActiveCfg = Release|Any CPU
		{FC028AA9-97CD-4C04-8D87-D645E37438DC}.Release|Any CPU.Build.0 = Release|Any CPU
		{6CF6FFF3-54D5-4469-A26E-AF40F1153F85}.Debug|Any CPU.ActiveCfg = Debug|Any CPU
		{6CF6FFF3-54D5-4469-A26E-AF40F1153F85}.Debug|Any CPU.Build.0 = Debug|Any CPU
		{6CF6FFF3-54D5-4469-A26E-AF40F1153F85}.Release|Any CPU.ActiveCfg = Release|Any CPU
		{6CF6FFF3-54D5-4469-A26E-AF40F1153F85}.Release|Any CPU.Build.0 = Release|Any CPU
		{14051981-EBF9-4433-BBDF-7813E84693C2}.Debug|Any CPU.ActiveCfg = Debug|Any CPU
		{14051981-EBF9-4433-BBDF-7813E84693C2}.Debug|Any CPU.Build.0 = Debug|Any CPU
		{14051981-EBF9-4433-BBDF-7813E84693C2}.Release|Any CPU.ActiveCfg = Release|Any CPU
		{14051981-EBF9-4433-BBDF-7813E84693C2}.Release|Any CPU.Build.0 = Release|Any CPU
		{E94D3594-CB2A-42AF-BFD4-D494E41E014B}.Debug|Any CPU.ActiveCfg = Debug|Any CPU
		{E94D3594-CB2A-42AF-BFD4-D494E41E014B}.Debug|Any CPU.Build.0 = Debug|Any CPU
		{E94D3594-CB2A-42AF-BFD4-D494E41E014B}.Release|Any CPU.ActiveCfg = Release|Any CPU
		{E94D3594-CB2A-42AF-BFD4-D494E41E014B}.Release|Any CPU.Build.0 = Release|Any CPU
		{FB3714AF-B9D4-4E59-A103-001BDECE1A1B}.Debug|Any CPU.ActiveCfg = Debug|Any CPU
		{FB3714AF-B9D4-4E59-A103-001BDECE1A1B}.Debug|Any CPU.Build.0 = Debug|Any CPU
		{FB3714AF-B9D4-4E59-A103-001BDECE1A1B}.Release|Any CPU.ActiveCfg = Release|Any CPU
		{FB3714AF-B9D4-4E59-A103-001BDECE1A1B}.Release|Any CPU.Build.0 = Release|Any CPU
		{015CDB05-4B33-43FD-8463-18DD240C09AC}.Debug|Any CPU.ActiveCfg = Debug|Any CPU
		{015CDB05-4B33-43FD-8463-18DD240C09AC}.Debug|Any CPU.Build.0 = Debug|Any CPU
		{015CDB05-4B33-43FD-8463-18DD240C09AC}.Release|Any CPU.ActiveCfg = Release|Any CPU
		{015CDB05-4B33-43FD-8463-18DD240C09AC}.Release|Any CPU.Build.0 = Release|Any CPU
		{96AB749D-9158-4819-BBDA-F6F117DC5DBA}.Debug|Any CPU.ActiveCfg = Debug|Any CPU
		{96AB749D-9158-4819-BBDA-F6F117DC5DBA}.Debug|Any CPU.Build.0 = Debug|Any CPU
		{96AB749D-9158-4819-BBDA-F6F117DC5DBA}.Release|Any CPU.ActiveCfg = Release|Any CPU
		{96AB749D-9158-4819-BBDA-F6F117DC5DBA}.Release|Any CPU.Build.0 = Release|Any CPU
		{047DDDEF-08EE-485E-86D0-F9C25D042F88}.Debug|Any CPU.ActiveCfg = Debug|Any CPU
		{047DDDEF-08EE-485E-86D0-F9C25D042F88}.Debug|Any CPU.Build.0 = Debug|Any CPU
		{047DDDEF-08EE-485E-86D0-F9C25D042F88}.Release|Any CPU.ActiveCfg = Release|Any CPU
		{047DDDEF-08EE-485E-86D0-F9C25D042F88}.Release|Any CPU.Build.0 = Release|Any CPU
	EndGlobalSection
	GlobalSection(SolutionProperties) = preSolution
		HideSolutionNode = FALSE
	EndGlobalSection
	GlobalSection(NestedProjects) = preSolution
		{FC028AA9-97CD-4C04-8D87-D645E37438DC} = {2BED36B0-1BF8-4F9F-9764-531770660D40}
		{6CF6FFF3-54D5-4469-A26E-AF40F1153F85} = {B9FBC8A5-712D-4B3F-9B6D-312A5C09D93B}
		{14051981-EBF9-4433-BBDF-7813E84693C2} = {A33025FF-AFDA-4B74-95DB-0D609B0792BB}
		{E94D3594-CB2A-42AF-BFD4-D494E41E014B} = {38BCAF28-6EB4-4EC3-8CDA-4EF24A71F817}
		{FB3714AF-B9D4-4E59-A103-001BDECE1A1B} = {C84DF8DE-96BA-4C83-B8DF-2BEB716CE948}
		{015CDB05-4B33-43FD-8463-18DD240C09AC} = {92827445-1730-43DE-9C48-531C7AF57DCF}
		{96AB749D-9158-4819-BBDA-F6F117DC5DBA} = {44105A84-89FC-46A1-8949-C9C239AC1FA7}
		{047DDDEF-08EE-485E-86D0-F9C25D042F88} = {6E3859F2-0428-4CB0-B131-46B9F631A831}
	EndGlobalSection
	GlobalSection(ExtensibilityGlobals) = postSolution
		SolutionGuid = {0F9F1D9F-6680-4F00-A086-25A669F5266E}
	EndGlobalSection
EndGlobal
